
Microsoft Visual Studio Solution File, Format Version 12.00
# Visual Studio Version 17
VisualStudioVersion = 17.10.35122.118
MinimumVisualStudioVersion = 10.0.40219.1
Project("{FAE04EC0-301F-11D3-BF4B-00C04F79EFBC}") = "Chess.UI", "Chess.UI\Chess.UI\Chess.UI.csproj", "{B2ED9BA6-E1EE-CE9E-12EB-6C2D1450DDFE}"
EndProject
Project("{FAE04EC0-301F-11D3-BF4B-00C04F79EFBC}") = "Chess.UI.Test", "Chess.UI\Chess.UI.Test\Chess.UI.Test.csproj", "{1E35D29F-48DB-9488-79E8-5E76944ECB61}"
EndProject
Project("{8BC9CEB8-8B4A-11D0-8D11-00A0C91BC942}") = "Chess.Engine.API", "Chess.Engine\build\x64\src\Chess.Engine.API\Chess.Engine.API.vcxproj", "{F20EC803-344F-3FC3-865C-D381C265D23A}"
EndProject
Project("{8BC9CEB8-8B4A-11D0-8D11-00A0C91BC942}") = "Chess.Engine.ConsoleApp", "Chess.Engine\build\x64\src\Chess.Engine.ConsoleApp\Chess.Engine.ConsoleApp.vcxproj", "{70D19E3A-4CD4-3135-BF96-E52746190B4A}"
EndProject
Project("{8BC9CEB8-8B4A-11D0-8D11-00A0C91BC942}") = "Chess.Engine.Core", "Chess.Engine\build\x64\src\Chess.Engine.Core\Chess.Engine.Core.vcxproj", "{FA9C9C57-D259-3909-81DA-3E4FB296778D}"
EndProject
Project("{8BC9CEB8-8B4A-11D0-8D11-00A0C91BC942}") = "Engine.Core.Tests", "Chess.Engine\build\x64\tests\Core.Tests\Engine.Core.Tests.vcxproj", "{98771235-49EB-3525-82EF-78EE97A9B445}"
EndProject
Global
	GlobalSection(SolutionConfigurationPlatforms) = preSolution
		Debug|ARM64 = Debug|ARM64
		Debug|x64 = Debug|x64
		Debug|x86 = Debug|x86
		MinSizeRel|ARM64 = MinSizeRel|ARM64
		MinSizeRel|x64 = MinSizeRel|x64
		MinSizeRel|x86 = MinSizeRel|x86
		Release|ARM64 = Release|ARM64
		Release|x64 = Release|x64
		Release|x86 = Release|x86
		RelWithDebInfo|ARM64 = RelWithDebInfo|ARM64
		RelWithDebInfo|x64 = RelWithDebInfo|x64
		RelWithDebInfo|x86 = RelWithDebInfo|x86
	EndGlobalSection
	GlobalSection(ProjectConfigurationPlatforms) = postSolution
		{B2ED9BA6-E1EE-CE9E-12EB-6C2D1450DDFE}.Debug|ARM64.ActiveCfg = Debug|ARM64
		{B2ED9BA6-E1EE-CE9E-12EB-6C2D1450DDFE}.Debug|ARM64.Build.0 = Debug|ARM64
		{B2ED9BA6-E1EE-CE9E-12EB-6C2D1450DDFE}.Debug|ARM64.Deploy.0 = Debug|ARM64
		{B2ED9BA6-E1EE-CE9E-12EB-6C2D1450DDFE}.Debug|x64.ActiveCfg = Debug|x64
		{B2ED9BA6-E1EE-CE9E-12EB-6C2D1450DDFE}.Debug|x64.Build.0 = Debug|x64
		{B2ED9BA6-E1EE-CE9E-12EB-6C2D1450DDFE}.Debug|x64.Deploy.0 = Debug|x64
		{B2ED9BA6-E1EE-CE9E-12EB-6C2D1450DDFE}.Debug|x86.ActiveCfg = Debug|x86
		{B2ED9BA6-E1EE-CE9E-12EB-6C2D1450DDFE}.Debug|x86.Build.0 = Debug|x86
		{B2ED9BA6-E1EE-CE9E-12EB-6C2D1450DDFE}.Debug|x86.Deploy.0 = Debug|x86
		{B2ED9BA6-E1EE-CE9E-12EB-6C2D1450DDFE}.MinSizeRel|ARM64.ActiveCfg = Release|ARM64
		{B2ED9BA6-E1EE-CE9E-12EB-6C2D1450DDFE}.MinSizeRel|ARM64.Build.0 = Release|ARM64
		{B2ED9BA6-E1EE-CE9E-12EB-6C2D1450DDFE}.MinSizeRel|ARM64.Deploy.0 = Release|ARM64
		{B2ED9BA6-E1EE-CE9E-12EB-6C2D1450DDFE}.MinSizeRel|x64.ActiveCfg = Release|x64
		{B2ED9BA6-E1EE-CE9E-12EB-6C2D1450DDFE}.MinSizeRel|x64.Build.0 = Release|x64
		{B2ED9BA6-E1EE-CE9E-12EB-6C2D1450DDFE}.MinSizeRel|x64.Deploy.0 = Release|x64
		{B2ED9BA6-E1EE-CE9E-12EB-6C2D1450DDFE}.MinSizeRel|x86.ActiveCfg = Release|x86
		{B2ED9BA6-E1EE-CE9E-12EB-6C2D1450DDFE}.MinSizeRel|x86.Build.0 = Release|x86
		{B2ED9BA6-E1EE-CE9E-12EB-6C2D1450DDFE}.MinSizeRel|x86.Deploy.0 = Release|x86
		{B2ED9BA6-E1EE-CE9E-12EB-6C2D1450DDFE}.Release|ARM64.ActiveCfg = Release|ARM64
		{B2ED9BA6-E1EE-CE9E-12EB-6C2D1450DDFE}.Release|ARM64.Build.0 = Release|ARM64
		{B2ED9BA6-E1EE-CE9E-12EB-6C2D1450DDFE}.Release|ARM64.Deploy.0 = Release|ARM64
		{B2ED9BA6-E1EE-CE9E-12EB-6C2D1450DDFE}.Release|x64.ActiveCfg = Release|x64
		{B2ED9BA6-E1EE-CE9E-12EB-6C2D1450DDFE}.Release|x64.Build.0 = Release|x64
		{B2ED9BA6-E1EE-CE9E-12EB-6C2D1450DDFE}.Release|x64.Deploy.0 = Release|x64
		{B2ED9BA6-E1EE-CE9E-12EB-6C2D1450DDFE}.Release|x86.ActiveCfg = Release|x86
		{B2ED9BA6-E1EE-CE9E-12EB-6C2D1450DDFE}.Release|x86.Build.0 = Release|x86
		{B2ED9BA6-E1EE-CE9E-12EB-6C2D1450DDFE}.Release|x86.Deploy.0 = Release|x86
		{B2ED9BA6-E1EE-CE9E-12EB-6C2D1450DDFE}.RelWithDebInfo|ARM64.ActiveCfg = Debug|ARM64
		{B2ED9BA6-E1EE-CE9E-12EB-6C2D1450DDFE}.RelWithDebInfo|ARM64.Build.0 = Debug|ARM64
		{B2ED9BA6-E1EE-CE9E-12EB-6C2D1450DDFE}.RelWithDebInfo|ARM64.Deploy.0 = Debug|ARM64
		{B2ED9BA6-E1EE-CE9E-12EB-6C2D1450DDFE}.RelWithDebInfo|x64.ActiveCfg = Debug|x64
		{B2ED9BA6-E1EE-CE9E-12EB-6C2D1450DDFE}.RelWithDebInfo|x64.Build.0 = Debug|x64
		{B2ED9BA6-E1EE-CE9E-12EB-6C2D1450DDFE}.RelWithDebInfo|x64.Deploy.0 = Debug|x64
		{B2ED9BA6-E1EE-CE9E-12EB-6C2D1450DDFE}.RelWithDebInfo|x86.ActiveCfg = Debug|x86
		{B2ED9BA6-E1EE-CE9E-12EB-6C2D1450DDFE}.RelWithDebInfo|x86.Build.0 = Debug|x86
		{B2ED9BA6-E1EE-CE9E-12EB-6C2D1450DDFE}.RelWithDebInfo|x86.Deploy.0 = Debug|x86
		{1E35D29F-48DB-9488-79E8-5E76944ECB61}.Debug|ARM64.ActiveCfg = Debug|Any CPU
		{1E35D29F-48DB-9488-79E8-5E76944ECB61}.Debug|ARM64.Build.0 = Debug|Any CPU
		{1E35D29F-48DB-9488-79E8-5E76944ECB61}.Debug|x64.ActiveCfg = Debug|x64
		{1E35D29F-48DB-9488-79E8-5E76944ECB61}.Debug|x64.Build.0 = Debug|x64
		{1E35D29F-48DB-9488-79E8-5E76944ECB61}.Debug|x86.ActiveCfg = Debug|Any CPU
		{1E35D29F-48DB-9488-79E8-5E76944ECB61}.Debug|x86.Build.0 = Debug|Any CPU
		{1E35D29F-48DB-9488-79E8-5E76944ECB61}.MinSizeRel|ARM64.ActiveCfg = Release|Any CPU
		{1E35D29F-48DB-9488-79E8-5E76944ECB61}.MinSizeRel|ARM64.Build.0 = Release|Any CPU
		{1E35D29F-48DB-9488-79E8-5E76944ECB61}.MinSizeRel|x64.ActiveCfg = Release|x64
		{1E35D29F-48DB-9488-79E8-5E76944ECB61}.MinSizeRel|x64.Build.0 = Release|x64
		{1E35D29F-48DB-9488-79E8-5E76944ECB61}.MinSizeRel|x86.ActiveCfg = Release|Any CPU
		{1E35D29F-48DB-9488-79E8-5E76944ECB61}.MinSizeRel|x86.Build.0 = Release|Any CPU
		{1E35D29F-48DB-9488-79E8-5E76944ECB61}.Release|ARM64.ActiveCfg = Release|Any CPU
		{1E35D29F-48DB-9488-79E8-5E76944ECB61}.Release|ARM64.Build.0 = Release|Any CPU
		{1E35D29F-48DB-9488-79E8-5E76944ECB61}.Release|x64.ActiveCfg = Release|x64
		{1E35D29F-48DB-9488-79E8-5E76944ECB61}.Release|x64.Build.0 = Release|x64
		{1E35D29F-48DB-9488-79E8-5E76944ECB61}.Release|x86.ActiveCfg = Release|Any CPU
		{1E35D29F-48DB-9488-79E8-5E76944ECB61}.Release|x86.Build.0 = Release|Any CPU
		{1E35D29F-48DB-9488-79E8-5E76944ECB61}.RelWithDebInfo|ARM64.ActiveCfg = Debug|Any CPU
		{1E35D29F-48DB-9488-79E8-5E76944ECB61}.RelWithDebInfo|ARM64.Build.0 = Debug|Any CPU
		{1E35D29F-48DB-9488-79E8-5E76944ECB61}.RelWithDebInfo|x64.ActiveCfg = Debug|x64
		{1E35D29F-48DB-9488-79E8-5E76944ECB61}.RelWithDebInfo|x64.Build.0 = Debug|x64
		{1E35D29F-48DB-9488-79E8-5E76944ECB61}.RelWithDebInfo|x86.ActiveCfg = Debug|Any CPU
		{1E35D29F-48DB-9488-79E8-5E76944ECB61}.RelWithDebInfo|x86.Build.0 = Debug|Any CPU
		{F20EC803-344F-3FC3-865C-D381C265D23A}.Debug|ARM64.ActiveCfg = Debug|x64
		{F20EC803-344F-3FC3-865C-D381C265D23A}.Debug|ARM64.Build.0 = Debug|x64
		{F20EC803-344F-3FC3-865C-D381C265D23A}.Debug|x64.ActiveCfg = Debug|x64
		{F20EC803-344F-3FC3-865C-D381C265D23A}.Debug|x64.Build.0 = Debug|x64
		{F20EC803-344F-3FC3-865C-D381C265D23A}.Debug|x86.ActiveCfg = Debug|x64
		{F20EC803-344F-3FC3-865C-D381C265D23A}.Debug|x86.Build.0 = Debug|x64
		{F20EC803-344F-3FC3-865C-D381C265D23A}.MinSizeRel|ARM64.ActiveCfg = MinSizeRel|x64
		{F20EC803-344F-3FC3-865C-D381C265D23A}.MinSizeRel|ARM64.Build.0 = MinSizeRel|x64
		{F20EC803-344F-3FC3-865C-D381C265D23A}.MinSizeRel|x64.ActiveCfg = MinSizeRel|x64
		{F20EC803-344F-3FC3-865C-D381C265D23A}.MinSizeRel|x64.Build.0 = MinSizeRel|x64
		{F20EC803-344F-3FC3-865C-D381C265D23A}.MinSizeRel|x86.ActiveCfg = MinSizeRel|x64
		{F20EC803-344F-3FC3-865C-D381C265D23A}.MinSizeRel|x86.Build.0 = MinSizeRel|x64
		{F20EC803-344F-3FC3-865C-D381C265D23A}.Release|ARM64.ActiveCfg = Release|x64
		{F20EC803-344F-3FC3-865C-D381C265D23A}.Release|ARM64.Build.0 = Release|x64
		{F20EC803-344F-3FC3-865C-D381C265D23A}.Release|x64.ActiveCfg = Release|x64
		{F20EC803-344F-3FC3-865C-D381C265D23A}.Release|x64.Build.0 = Release|x64
		{F20EC803-344F-3FC3-865C-D381C265D23A}.Release|x86.ActiveCfg = Release|x64
		{F20EC803-344F-3FC3-865C-D381C265D23A}.Release|x86.Build.0 = Release|x64
		{F20EC803-344F-3FC3-865C-D381C265D23A}.RelWithDebInfo|ARM64.ActiveCfg = RelWithDebInfo|x64
		{F20EC803-344F-3FC3-865C-D381C265D23A}.RelWithDebInfo|ARM64.Build.0 = RelWithDebInfo|x64
		{F20EC803-344F-3FC3-865C-D381C265D23A}.RelWithDebInfo|x64.ActiveCfg = RelWithDebInfo|x64
		{F20EC803-344F-3FC3-865C-D381C265D23A}.RelWithDebInfo|x64.Build.0 = RelWithDebInfo|x64
		{F20EC803-344F-3FC3-865C-D381C265D23A}.RelWithDebInfo|x86.ActiveCfg = RelWithDebInfo|x64
		{F20EC803-344F-3FC3-865C-D381C265D23A}.RelWithDebInfo|x86.Build.0 = RelWithDebInfo|x64
		{70D19E3A-4CD4-3135-BF96-E52746190B4A}.Debug|ARM64.ActiveCfg = Debug|x64
		{70D19E3A-4CD4-3135-BF96-E52746190B4A}.Debug|ARM64.Build.0 = Debug|x64
		{70D19E3A-4CD4-3135-BF96-E52746190B4A}.Debug|x64.ActiveCfg = Debug|x64
		{70D19E3A-4CD4-3135-BF96-E52746190B4A}.Debug|x64.Build.0 = Debug|x64
		{70D19E3A-4CD4-3135-BF96-E52746190B4A}.Debug|x86.ActiveCfg = Debug|x64
		{70D19E3A-4CD4-3135-BF96-E52746190B4A}.Debug|x86.Build.0 = Debug|x64
		{70D19E3A-4CD4-3135-BF96-E52746190B4A}.MinSizeRel|ARM64.ActiveCfg = MinSizeRel|x64
		{70D19E3A-4CD4-3135-BF96-E52746190B4A}.MinSizeRel|ARM64.Build.0 = MinSizeRel|x64
		{70D19E3A-4CD4-3135-BF96-E52746190B4A}.MinSizeRel|x64.ActiveCfg = MinSizeRel|x64
		{70D19E3A-4CD4-3135-BF96-E52746190B4A}.MinSizeRel|x64.Build.0 = MinSizeRel|x64
		{70D19E3A-4CD4-3135-BF96-E52746190B4A}.MinSizeRel|x86.ActiveCfg = MinSizeRel|x64
		{70D19E3A-4CD4-3135-BF96-E52746190B4A}.MinSizeRel|x86.Build.0 = MinSizeRel|x64
		{70D19E3A-4CD4-3135-BF96-E52746190B4A}.Release|ARM64.ActiveCfg = Release|x64
		{70D19E3A-4CD4-3135-BF96-E52746190B4A}.Release|ARM64.Build.0 = Release|x64
		{70D19E3A-4CD4-3135-BF96-E52746190B4A}.Release|x64.ActiveCfg = Release|x64
		{70D19E3A-4CD4-3135-BF96-E52746190B4A}.Release|x64.Build.0 = Release|x64
		{70D19E3A-4CD4-3135-BF96-E52746190B4A}.Release|x86.ActiveCfg = Release|x64
		{70D19E3A-4CD4-3135-BF96-E52746190B4A}.Release|x86.Build.0 = Release|x64
		{70D19E3A-4CD4-3135-BF96-E52746190B4A}.RelWithDebInfo|ARM64.ActiveCfg = RelWithDebInfo|x64
		{70D19E3A-4CD4-3135-BF96-E52746190B4A}.RelWithDebInfo|ARM64.Build.0 = RelWithDebInfo|x64
		{70D19E3A-4CD4-3135-BF96-E52746190B4A}.RelWithDebInfo|x64.ActiveCfg = RelWithDebInfo|x64
		{70D19E3A-4CD4-3135-BF96-E52746190B4A}.RelWithDebInfo|x64.Build.0 = RelWithDebInfo|x64
		{70D19E3A-4CD4-3135-BF96-E52746190B4A}.RelWithDebInfo|x86.ActiveCfg = RelWithDebInfo|x64
		{70D19E3A-4CD4-3135-BF96-E52746190B4A}.RelWithDebInfo|x86.Build.0 = RelWithDebInfo|x64
		{FA9C9C57-D259-3909-81DA-3E4FB296778D}.Debug|ARM64.ActiveCfg = Debug|x64
		{FA9C9C57-D259-3909-81DA-3E4FB296778D}.Debug|ARM64.Build.0 = Debug|x64
		{FA9C9C57-D259-3909-81DA-3E4FB296778D}.Debug|x64.ActiveCfg = Debug|x64
		{FA9C9C57-D259-3909-81DA-3E4FB296778D}.Debug|x64.Build.0 = Debug|x64
		{FA9C9C57-D259-3909-81DA-3E4FB296778D}.Debug|x86.ActiveCfg = Debug|x64
		{FA9C9C57-D259-3909-81DA-3E4FB296778D}.Debug|x86.Build.0 = Debug|x64
		{FA9C9C57-D259-3909-81DA-3E4FB296778D}.MinSizeRel|ARM64.ActiveCfg = MinSizeRel|x64
		{FA9C9C57-D259-3909-81DA-3E4FB296778D}.MinSizeRel|ARM64.Build.0 = MinSizeRel|x64
		{FA9C9C57-D259-3909-81DA-3E4FB296778D}.MinSizeRel|x64.ActiveCfg = MinSizeRel|x64
		{FA9C9C57-D259-3909-81DA-3E4FB296778D}.MinSizeRel|x64.Build.0 = MinSizeRel|x64
		{FA9C9C57-D259-3909-81DA-3E4FB296778D}.MinSizeRel|x86.ActiveCfg = MinSizeRel|x64
		{FA9C9C57-D259-3909-81DA-3E4FB296778D}.MinSizeRel|x86.Build.0 = MinSizeRel|x64
		{FA9C9C57-D259-3909-81DA-3E4FB296778D}.Release|ARM64.ActiveCfg = Release|x64
		{FA9C9C57-D259-3909-81DA-3E4FB296778D}.Release|ARM64.Build.0 = Release|x64
		{FA9C9C57-D259-3909-81DA-3E4FB296778D}.Release|x64.ActiveCfg = Release|x64
		{FA9C9C57-D259-3909-81DA-3E4FB296778D}.Release|x64.Build.0 = Release|x64
		{FA9C9C57-D259-3909-81DA-3E4FB296778D}.Release|x86.ActiveCfg = Release|x64
		{FA9C9C57-D259-3909-81DA-3E4FB296778D}.Release|x86.Build.0 = Release|x64
		{FA9C9C57-D259-3909-81DA-3E4FB296778D}.RelWithDebInfo|ARM64.ActiveCfg = RelWithDebInfo|x64
		{FA9C9C57-D259-3909-81DA-3E4FB296778D}.RelWithDebInfo|ARM64.Build.0 = RelWithDebInfo|x64
		{FA9C9C57-D259-3909-81DA-3E4FB296778D}.RelWithDebInfo|x64.ActiveCfg = RelWithDebInfo|x64
		{FA9C9C57-D259-3909-81DA-3E4FB296778D}.RelWithDebInfo|x64.Build.0 = RelWithDebInfo|x64
		{FA9C9C57-D259-3909-81DA-3E4FB296778D}.RelWithDebInfo|x86.ActiveCfg = RelWithDebInfo|x64
		{FA9C9C57-D259-3909-81DA-3E4FB296778D}.RelWithDebInfo|x86.Build.0 = RelWithDebInfo|x64
		{98771235-49EB-3525-82EF-78EE97A9B445}.Debug|ARM64.ActiveCfg = Debug|x64
		{98771235-49EB-3525-82EF-78EE97A9B445}.Debug|ARM64.Build.0 = Debug|x64
		{98771235-49EB-3525-82EF-78EE97A9B445}.Debug|x64.ActiveCfg = Debug|x64
		{98771235-49EB-3525-82EF-78EE97A9B445}.Debug|x64.Build.0 = Debug|x64
		{98771235-49EB-3525-82EF-78EE97A9B445}.Debug|x86.ActiveCfg = Debug|x64
		{98771235-49EB-3525-82EF-78EE97A9B445}.Debug|x86.Build.0 = Debug|x64
		{98771235-49EB-3525-82EF-78EE97A9B445}.MinSizeRel|ARM64.ActiveCfg = MinSizeRel|x64
		{98771235-49EB-3525-82EF-78EE97A9B445}.MinSizeRel|ARM64.Build.0 = MinSizeRel|x64
		{98771235-49EB-3525-82EF-78EE97A9B445}.MinSizeRel|x64.ActiveCfg = MinSizeRel|x64
		{98771235-49EB-3525-82EF-78EE97A9B445}.MinSizeRel|x64.Build.0 = MinSizeRel|x64
		{98771235-49EB-3525-82EF-78EE97A9B445}.MinSizeRel|x86.ActiveCfg = MinSizeRel|x64
		{98771235-49EB-3525-82EF-78EE97A9B445}.MinSizeRel|x86.Build.0 = MinSizeRel|x64
		{98771235-49EB-3525-82EF-78EE97A9B445}.Release|ARM64.ActiveCfg = Release|x64
		{98771235-49EB-3525-82EF-78EE97A9B445}.Release|ARM64.Build.0 = Release|x64
		{98771235-49EB-3525-82EF-78EE97A9B445}.Release|x64.ActiveCfg = Release|x64
		{98771235-49EB-3525-82EF-78EE97A9B445}.Release|x64.Build.0 = Release|x64
		{98771235-49EB-3525-82EF-78EE97A9B445}.Release|x86.ActiveCfg = Release|x64
		{98771235-49EB-3525-82EF-78EE97A9B445}.Release|x86.Build.0 = Release|x64
		{98771235-49EB-3525-82EF-78EE97A9B445}.RelWithDebInfo|ARM64.ActiveCfg = RelWithDebInfo|x64
		{98771235-49EB-3525-82EF-78EE97A9B445}.RelWithDebInfo|ARM64.Build.0 = RelWithDebInfo|x64
		{98771235-49EB-3525-82EF-78EE97A9B445}.RelWithDebInfo|x64.ActiveCfg = RelWithDebInfo|x64
		{98771235-49EB-3525-82EF-78EE97A9B445}.RelWithDebInfo|x64.Build.0 = RelWithDebInfo|x64
		{98771235-49EB-3525-82EF-78EE97A9B445}.RelWithDebInfo|x86.ActiveCfg = RelWithDebInfo|x64
		{98771235-49EB-3525-82EF-78EE97A9B445}.RelWithDebInfo|x86.Build.0 = RelWithDebInfo|x64
	EndGlobalSection
	GlobalSection(SolutionProperties) = preSolution
		HideSolutionNode = FALSE
	EndGlobalSection
	GlobalSection(ExtensibilityGlobals) = postSolution
		SolutionGuid = {7D145F93-1159-45E1-81F9-13C85ADB80AC}
	EndGlobalSection
EndGlobal
