
Microsoft Visual Studio Solution File, Format Version 12.00
# Visual Studio Version 17
VisualStudioVersion = 17.10.35122.118
MinimumVisualStudioVersion = 10.0.40219.1
Project("{FAE04EC0-301F-11D3-BF4B-00C04F79EFBC}") = "Chess.UI", "Chess.UI\Chess.UI\Chess.UI.csproj", "{B2ED9BA6-E1EE-CE9E-12EB-6C2D1450DDFE}"
EndProject
Project("{FAE04EC0-301F-11D3-BF4B-00C04F79EFBC}") = "Chess.UI.Test", "Chess.UI\Chess.UI.Test\Chess.UI.Test.csproj", "{1E35D29F-48DB-9488-79E8-5E76944ECB61}"
EndProject
Project("{8BC9CEB8-8B4A-11D0-8D11-00A0C91BC942}") = "Chess.Engine", "Chess.Engine\build\Chess.Engine\Chess.Engine.vcxproj", "{7F46E514-0A33-33CD-9163-D77BACC98644}"
EndProject
Project("{8BC9CEB8-8B4A-11D0-8D11-00A0C91BC942}") = "Chess.Engine.Tests", "Chess.Engine\build\Chess.Engine.Tests\Chess.Engine.Tests.vcxproj", "{A2F073D1-1E6F-39AD-B2F3-9FA133AA395A}"
EndProject
Global
	GlobalSection(SolutionConfigurationPlatforms) = preSolution
		Debug|ARM64 = Debug|ARM64
		Debug|x64 = Debug|x64
		Debug|x86 = Debug|x86
		MinSizeRel|ARM64 = MinSizeRel|ARM64
		MinSizeRel|x64 = MinSizeRel|x64
		MinSizeRel|x86 = MinSizeRel|x86
		Release|ARM64 = Release|ARM64
		Release|x64 = Release|x64
		Release|x86 = Release|x86
		RelWithDebInfo|ARM64 = RelWithDebInfo|ARM64
		RelWithDebInfo|x64 = RelWithDebInfo|x64
		RelWithDebInfo|x86 = RelWithDebInfo|x86
	EndGlobalSection
	GlobalSection(ProjectConfigurationPlatforms) = postSolution
		{B2ED9BA6-E1EE-CE9E-12EB-6C2D1450DDFE}.Debug|ARM64.ActiveCfg = Debug|ARM64
		{B2ED9BA6-E1EE-CE9E-12EB-6C2D1450DDFE}.Debug|ARM64.Build.0 = Debug|ARM64
		{B2ED9BA6-E1EE-CE9E-12EB-6C2D1450DDFE}.Debug|ARM64.Deploy.0 = Debug|ARM64
		{B2ED9BA6-E1EE-CE9E-12EB-6C2D1450DDFE}.Debug|x64.ActiveCfg = Debug|x64
		{B2ED9BA6-E1EE-CE9E-12EB-6C2D1450DDFE}.Debug|x64.Build.0 = Debug|x64
		{B2ED9BA6-E1EE-CE9E-12EB-6C2D1450DDFE}.Debug|x64.Deploy.0 = Debug|x64
		{B2ED9BA6-E1EE-CE9E-12EB-6C2D1450DDFE}.Debug|x86.ActiveCfg = Debug|x86
		{B2ED9BA6-E1EE-CE9E-12EB-6C2D1450DDFE}.Debug|x86.Build.0 = Debug|x86
		{B2ED9BA6-E1EE-CE9E-12EB-6C2D1450DDFE}.Debug|x86.Deploy.0 = Debug|x86
		{B2ED9BA6-E1EE-CE9E-12EB-6C2D1450DDFE}.MinSizeRel|ARM64.ActiveCfg = Release|ARM64
		{B2ED9BA6-E1EE-CE9E-12EB-6C2D1450DDFE}.MinSizeRel|ARM64.Build.0 = Release|ARM64
		{B2ED9BA6-E1EE-CE9E-12EB-6C2D1450DDFE}.MinSizeRel|ARM64.Deploy.0 = Release|ARM64
		{B2ED9BA6-E1EE-CE9E-12EB-6C2D1450DDFE}.MinSizeRel|x64.ActiveCfg = Release|x64
		{B2ED9BA6-E1EE-CE9E-12EB-6C2D1450DDFE}.MinSizeRel|x64.Build.0 = Release|x64
		{B2ED9BA6-E1EE-CE9E-12EB-6C2D1450DDFE}.MinSizeRel|x64.Deploy.0 = Release|x64
		{B2ED9BA6-E1EE-CE9E-12EB-6C2D1450DDFE}.MinSizeRel|x86.ActiveCfg = Release|x86
		{B2ED9BA6-E1EE-CE9E-12EB-6C2D1450DDFE}.MinSizeRel|x86.Build.0 = Release|x86
		{B2ED9BA6-E1EE-CE9E-12EB-6C2D1450DDFE}.MinSizeRel|x86.Deploy.0 = Release|x86
		{B2ED9BA6-E1EE-CE9E-12EB-6C2D1450DDFE}.Release|ARM64.ActiveCfg = Release|ARM64
		{B2ED9BA6-E1EE-CE9E-12EB-6C2D1450DDFE}.Release|ARM64.Build.0 = Release|ARM64
		{B2ED9BA6-E1EE-CE9E-12EB-6C2D1450DDFE}.Release|ARM64.Deploy.0 = Release|ARM64
		{B2ED9BA6-E1EE-CE9E-12EB-6C2D1450DDFE}.Release|x64.ActiveCfg = Release|x64
		{B2ED9BA6-E1EE-CE9E-12EB-6C2D1450DDFE}.Release|x64.Build.0 = Release|x64
		{B2ED9BA6-E1EE-CE9E-12EB-6C2D1450DDFE}.Release|x64.Deploy.0 = Release|x64
		{B2ED9BA6-E1EE-CE9E-12EB-6C2D1450DDFE}.Release|x86.ActiveCfg = Release|x86
		{B2ED9BA6-E1EE-CE9E-12EB-6C2D1450DDFE}.Release|x86.Build.0 = Release|x86
		{B2ED9BA6-E1EE-CE9E-12EB-6C2D1450DDFE}.Release|x86.Deploy.0 = Release|x86
		{B2ED9BA6-E1EE-CE9E-12EB-6C2D1450DDFE}.RelWithDebInfo|ARM64.ActiveCfg = Debug|ARM64
		{B2ED9BA6-E1EE-CE9E-12EB-6C2D1450DDFE}.RelWithDebInfo|ARM64.Build.0 = Debug|ARM64
		{B2ED9BA6-E1EE-CE9E-12EB-6C2D1450DDFE}.RelWithDebInfo|ARM64.Deploy.0 = Debug|ARM64
		{B2ED9BA6-E1EE-CE9E-12EB-6C2D1450DDFE}.RelWithDebInfo|x64.ActiveCfg = Debug|x64
		{B2ED9BA6-E1EE-CE9E-12EB-6C2D1450DDFE}.RelWithDebInfo|x64.Build.0 = Debug|x64
		{B2ED9BA6-E1EE-CE9E-12EB-6C2D1450DDFE}.RelWithDebInfo|x64.Deploy.0 = Debug|x64
		{B2ED9BA6-E1EE-CE9E-12EB-6C2D1450DDFE}.RelWithDebInfo|x86.ActiveCfg = Debug|x86
		{B2ED9BA6-E1EE-CE9E-12EB-6C2D1450DDFE}.RelWithDebInfo|x86.Build.0 = Debug|x86
		{B2ED9BA6-E1EE-CE9E-12EB-6C2D1450DDFE}.RelWithDebInfo|x86.Deploy.0 = Debug|x86
		{1E35D29F-48DB-9488-79E8-5E76944ECB61}.Debug|ARM64.ActiveCfg = Debug|Any CPU
		{1E35D29F-48DB-9488-79E8-5E76944ECB61}.Debug|ARM64.Build.0 = Debug|Any CPU
		{1E35D29F-48DB-9488-79E8-5E76944ECB61}.Debug|x64.ActiveCfg = Debug|x64
		{1E35D29F-48DB-9488-79E8-5E76944ECB61}.Debug|x64.Build.0 = Debug|x64
		{1E35D29F-48DB-9488-79E8-5E76944ECB61}.Debug|x86.ActiveCfg = Debug|Any CPU
		{1E35D29F-48DB-9488-79E8-5E76944ECB61}.Debug|x86.Build.0 = Debug|Any CPU
		{1E35D29F-48DB-9488-79E8-5E76944ECB61}.MinSizeRel|ARM64.ActiveCfg = Release|Any CPU
		{1E35D29F-48DB-9488-79E8-5E76944ECB61}.MinSizeRel|ARM64.Build.0 = Release|Any CPU
		{1E35D29F-48DB-9488-79E8-5E76944ECB61}.MinSizeRel|x64.ActiveCfg = Release|x64
		{1E35D29F-48DB-9488-79E8-5E76944ECB61}.MinSizeRel|x64.Build.0 = Release|x64
		{1E35D29F-48DB-9488-79E8-5E76944ECB61}.MinSizeRel|x86.ActiveCfg = Release|Any CPU
		{1E35D29F-48DB-9488-79E8-5E76944ECB61}.MinSizeRel|x86.Build.0 = Release|Any CPU
		{1E35D29F-48DB-9488-79E8-5E76944ECB61}.Release|ARM64.ActiveCfg = Release|Any CPU
		{1E35D29F-48DB-9488-79E8-5E76944ECB61}.Release|ARM64.Build.0 = Release|Any CPU
		{1E35D29F-48DB-9488-79E8-5E76944ECB61}.Release|x64.ActiveCfg = Release|x64
		{1E35D29F-48DB-9488-79E8-5E76944ECB61}.Release|x64.Build.0 = Release|x64
		{1E35D29F-48DB-9488-79E8-5E76944ECB61}.Release|x86.ActiveCfg = Release|Any CPU
		{1E35D29F-48DB-9488-79E8-5E76944ECB61}.Release|x86.Build.0 = Release|Any CPU
		{1E35D29F-48DB-9488-79E8-5E76944ECB61}.RelWithDebInfo|ARM64.ActiveCfg = Debug|Any CPU
		{1E35D29F-48DB-9488-79E8-5E76944ECB61}.RelWithDebInfo|ARM64.Build.0 = Debug|Any CPU
		{1E35D29F-48DB-9488-79E8-5E76944ECB61}.RelWithDebInfo|x64.ActiveCfg = Debug|x64
		{1E35D29F-48DB-9488-79E8-5E76944ECB61}.RelWithDebInfo|x64.Build.0 = Debug|x64
		{1E35D29F-48DB-9488-79E8-5E76944ECB61}.RelWithDebInfo|x86.ActiveCfg = Debug|Any CPU
		{1E35D29F-48DB-9488-79E8-5E76944ECB61}.RelWithDebInfo|x86.Build.0 = Debug|Any CPU
		{7F46E514-0A33-33CD-9163-D77BACC98644}.Debug|ARM64.ActiveCfg = Debug|x64
		{7F46E514-0A33-33CD-9163-D77BACC98644}.Debug|ARM64.Build.0 = Debug|x64
		{7F46E514-0A33-33CD-9163-D77BACC98644}.Debug|x64.ActiveCfg = Debug|x64
		{7F46E514-0A33-33CD-9163-D77BACC98644}.Debug|x64.Build.0 = Debug|x64
		{7F46E514-0A33-33CD-9163-D77BACC98644}.Debug|x86.ActiveCfg = Debug|x64
		{7F46E514-0A33-33CD-9163-D77BACC98644}.Debug|x86.Build.0 = Debug|x64
		{7F46E514-0A33-33CD-9163-D77BACC98644}.MinSizeRel|ARM64.ActiveCfg = MinSizeRel|x64
		{7F46E514-0A33-33CD-9163-D77BACC98644}.MinSizeRel|ARM64.Build.0 = MinSizeRel|x64
		{7F46E514-0A33-33CD-9163-D77BACC98644}.MinSizeRel|x64.ActiveCfg = MinSizeRel|x64
		{7F46E514-0A33-33CD-9163-D77BACC98644}.MinSizeRel|x64.Build.0 = MinSizeRel|x64
		{7F46E514-0A33-33CD-9163-D77BACC98644}.MinSizeRel|x86.ActiveCfg = MinSizeRel|x64
		{7F46E514-0A33-33CD-9163-D77BACC98644}.MinSizeRel|x86.Build.0 = MinSizeRel|x64
		{7F46E514-0A33-33CD-9163-D77BACC98644}.Release|ARM64.ActiveCfg = Release|x64
		{7F46E514-0A33-33CD-9163-D77BACC98644}.Release|ARM64.Build.0 = Release|x64
		{7F46E514-0A33-33CD-9163-D77BACC98644}.Release|x64.ActiveCfg = Release|x64
		{7F46E514-0A33-33CD-9163-D77BACC98644}.Release|x64.Build.0 = Release|x64
		{7F46E514-0A33-33CD-9163-D77BACC98644}.Release|x86.ActiveCfg = Release|x64
		{7F46E514-0A33-33CD-9163-D77BACC98644}.Release|x86.Build.0 = Release|x64
		{7F46E514-0A33-33CD-9163-D77BACC98644}.RelWithDebInfo|ARM64.ActiveCfg = RelWithDebInfo|x64
		{7F46E514-0A33-33CD-9163-D77BACC98644}.RelWithDebInfo|ARM64.Build.0 = RelWithDebInfo|x64
		{7F46E514-0A33-33CD-9163-D77BACC98644}.RelWithDebInfo|x64.ActiveCfg = RelWithDebInfo|x64
		{7F46E514-0A33-33CD-9163-D77BACC98644}.RelWithDebInfo|x64.Build.0 = RelWithDebInfo|x64
		{7F46E514-0A33-33CD-9163-D77BACC98644}.RelWithDebInfo|x86.ActiveCfg = RelWithDebInfo|x64
		{7F46E514-0A33-33CD-9163-D77BACC98644}.RelWithDebInfo|x86.Build.0 = RelWithDebInfo|x64
		{A2F073D1-1E6F-39AD-B2F3-9FA133AA395A}.Debug|ARM64.ActiveCfg = Debug|x64
		{A2F073D1-1E6F-39AD-B2F3-9FA133AA395A}.Debug|ARM64.Build.0 = Debug|x64
		{A2F073D1-1E6F-39AD-B2F3-9FA133AA395A}.Debug|x64.ActiveCfg = Debug|x64
		{A2F073D1-1E6F-39AD-B2F3-9FA133AA395A}.Debug|x64.Build.0 = Debug|x64
		{A2F073D1-1E6F-39AD-B2F3-9FA133AA395A}.Debug|x86.ActiveCfg = Debug|x64
		{A2F073D1-1E6F-39AD-B2F3-9FA133AA395A}.Debug|x86.Build.0 = Debug|x64
		{A2F073D1-1E6F-39AD-B2F3-9FA133AA395A}.MinSizeRel|ARM64.ActiveCfg = MinSizeRel|x64
		{A2F073D1-1E6F-39AD-B2F3-9FA133AA395A}.MinSizeRel|ARM64.Build.0 = MinSizeRel|x64
		{A2F073D1-1E6F-39AD-B2F3-9FA133AA395A}.MinSizeRel|x64.ActiveCfg = MinSizeRel|x64
		{A2F073D1-1E6F-39AD-B2F3-9FA133AA395A}.MinSizeRel|x64.Build.0 = MinSizeRel|x64
		{A2F073D1-1E6F-39AD-B2F3-9FA133AA395A}.MinSizeRel|x86.ActiveCfg = MinSizeRel|x64
		{A2F073D1-1E6F-39AD-B2F3-9FA133AA395A}.MinSizeRel|x86.Build.0 = MinSizeRel|x64
		{A2F073D1-1E6F-39AD-B2F3-9FA133AA395A}.Release|ARM64.ActiveCfg = Release|x64
		{A2F073D1-1E6F-39AD-B2F3-9FA133AA395A}.Release|ARM64.Build.0 = Release|x64
		{A2F073D1-1E6F-39AD-B2F3-9FA133AA395A}.Release|x64.ActiveCfg = Release|x64
		{A2F073D1-1E6F-39AD-B2F3-9FA133AA395A}.Release|x64.Build.0 = Release|x64
		{A2F073D1-1E6F-39AD-B2F3-9FA133AA395A}.Release|x86.ActiveCfg = Release|x64
		{A2F073D1-1E6F-39AD-B2F3-9FA133AA395A}.Release|x86.Build.0 = Release|x64
		{A2F073D1-1E6F-39AD-B2F3-9FA133AA395A}.RelWithDebInfo|ARM64.ActiveCfg = RelWithDebInfo|x64
		{A2F073D1-1E6F-39AD-B2F3-9FA133AA395A}.RelWithDebInfo|ARM64.Build.0 = RelWithDebInfo|x64
		{A2F073D1-1E6F-39AD-B2F3-9FA133AA395A}.RelWithDebInfo|x64.ActiveCfg = RelWithDebInfo|x64
		{A2F073D1-1E6F-39AD-B2F3-9FA133AA395A}.RelWithDebInfo|x64.Build.0 = RelWithDebInfo|x64
		{A2F073D1-1E6F-39AD-B2F3-9FA133AA395A}.RelWithDebInfo|x86.ActiveCfg = RelWithDebInfo|x64
		{A2F073D1-1E6F-39AD-B2F3-9FA133AA395A}.RelWithDebInfo|x86.Build.0 = RelWithDebInfo|x64
	EndGlobalSection
	GlobalSection(SolutionProperties) = preSolution
		HideSolutionNode = FALSE
	EndGlobalSection
	GlobalSection(ExtensibilityGlobals) = postSolution
		SolutionGuid = {7D145F93-1159-45E1-81F9-13C85ADB80AC}
	EndGlobalSection
EndGlobal
